
Microsoft Visual Studio Solution File, Format Version 12.00
# Visual Studio Version 16
VisualStudioVersion = 16.0.30204.135
MinimumVisualStudioVersion = 10.0.40219.1
Project("{9A19103F-16F7-4668-BE54-9A1E7A4F7556}") = "reverseString", "reverseString\reverseString.csproj", "{5AF3DACC-9E65-4652-A477-C11C9E888D48}"
EndProject
Project("{9A19103F-16F7-4668-BE54-9A1E7A4F7556}") = "stackSum", "stackSum\stackSum.csproj", "{FE6D4EC3-C5C0-4079-AD7B-BAE58A072DDF}"
EndProject
Project("{9A19103F-16F7-4668-BE54-9A1E7A4F7556}") = "simpleCalc", "simpleCalc\simpleCalc.csproj", "{6B01899E-AE50-4886-A334-B1E953F0B9B6}"
EndProject
Project("{9A19103F-16F7-4668-BE54-9A1E7A4F7556}") = "matchingBrackets", "matchingBrackets\matchingBrackets.csproj", "{12EA89FD-7016-4481-AEA5-173E898507FE}"
EndProject
Project("{9A19103F-16F7-4668-BE54-9A1E7A4F7556}") = "printEvenNums", "printEvenNums\printEvenNums.csproj", "{6CEBDED9-064F-403F-BEAE-FCA452F38BD0}"
EndProject
Project("{9A19103F-16F7-4668-BE54-9A1E7A4F7556}") = "supermarket", "supermarket\supermarket.csproj", "{7F40C1D3-15B2-4CBE-B77B-029C86FB6DB6}"
EndProject
Project("{9A19103F-16F7-4668-BE54-9A1E7A4F7556}") = "hotPotato", "hotPotato\hotPotato.csproj", "{18870EB0-750F-4EEB-8EC8-668C433FF373}"
EndProject
Project("{9A19103F-16F7-4668-BE54-9A1E7A4F7556}") = "traficJam", "traficJam\traficJam.csproj", "{E967AE2B-A8A4-4F97-B5C8-4CAA4544B671}"
EndProject
Project("{9A19103F-16F7-4668-BE54-9A1E7A4F7556}") = "basicStackOps", "basicStackOps\basicStackOps.csproj", "{34396E45-075C-4433-81C7-A0E27347F118}"
EndProject
Project("{9A19103F-16F7-4668-BE54-9A1E7A4F7556}") = "basicQueueOps", "basicQueueOps\basicQueueOps.csproj", "{DC1D2097-5715-4F68-8C61-51F4E3EFEC8A}"
EndProject
Project("{9A19103F-16F7-4668-BE54-9A1E7A4F7556}") = "maximumAndMinimumElements", "maximumAndMinimumElements\maximumAndMinimumElements.csproj", "{15555115-0E4C-4215-AF6C-5A91FECC31FE}"
EndProject
Project("{9A19103F-16F7-4668-BE54-9A1E7A4F7556}") = "fastFood", "fastFood\fastFood.csproj", "{3D571700-33CF-44F2-899F-C33B4CB66479}"
EndProject
Project("{9A19103F-16F7-4668-BE54-9A1E7A4F7556}") = "fashionBoutique", "fashionBoutique\fashionBoutique.csproj", "{2C56345A-C76D-430F-99AD-17DBE6078BCA}"
EndProject
Project("{9A19103F-16F7-4668-BE54-9A1E7A4F7556}") = "sonsgsQueue", "sonsgsQueue\sonsgsQueue.csproj", "{B184E6A4-8EBC-486D-88AE-6BA5529C5A00}"
EndProject
Project("{9A19103F-16F7-4668-BE54-9A1E7A4F7556}") = "truckTour", "truckTour\truckTour.csproj", "{1BB841EC-8F67-4657-9EB5-BAB272C98B01}"
EndProject
Project("{FAE04EC0-301F-11D3-BF4B-00C04F79EFBC}") = "balancedParanthesis", "balancedParanthesis\balancedParanthesis.csproj", "{021469E5-19D4-4FAD-8037-D42C61711B42}"
EndProject
Project("{9A19103F-16F7-4668-BE54-9A1E7A4F7556}") = "simpleTextEditor", "simpleTextEditor\simpleTextEditor.csproj", "{2F476D2B-A713-4F49-B02F-F8BF840F0049}"
EndProject
Project("{9A19103F-16F7-4668-BE54-9A1E7A4F7556}") = "crossroads", "crossroads\crossroads.csproj", "{F78FD6AC-9F36-48C6-8622-3B4E7A164711}"
EndProject
Global
	GlobalSection(SolutionConfigurationPlatforms) = preSolution
		Debug|Any CPU = Debug|Any CPU
		Release|Any CPU = Release|Any CPU
	EndGlobalSection
	GlobalSection(ProjectConfigurationPlatforms) = postSolution
		{5AF3DACC-9E65-4652-A477-C11C9E888D48}.Debug|Any CPU.ActiveCfg = Debug|Any CPU
		{5AF3DACC-9E65-4652-A477-C11C9E888D48}.Debug|Any CPU.Build.0 = Debug|Any CPU
		{5AF3DACC-9E65-4652-A477-C11C9E888D48}.Release|Any CPU.ActiveCfg = Release|Any CPU
		{5AF3DACC-9E65-4652-A477-C11C9E888D48}.Release|Any CPU.Build.0 = Release|Any CPU
		{FE6D4EC3-C5C0-4079-AD7B-BAE58A072DDF}.Debug|Any CPU.ActiveCfg = Debug|Any CPU
		{FE6D4EC3-C5C0-4079-AD7B-BAE58A072DDF}.Debug|Any CPU.Build.0 = Debug|Any CPU
		{FE6D4EC3-C5C0-4079-AD7B-BAE58A072DDF}.Release|Any CPU.ActiveCfg = Release|Any CPU
		{FE6D4EC3-C5C0-4079-AD7B-BAE58A072DDF}.Release|Any CPU.Build.0 = Release|Any CPU
		{6B01899E-AE50-4886-A334-B1E953F0B9B6}.Debug|Any CPU.ActiveCfg = Debug|Any CPU
		{6B01899E-AE50-4886-A334-B1E953F0B9B6}.Debug|Any CPU.Build.0 = Debug|Any CPU
		{6B01899E-AE50-4886-A334-B1E953F0B9B6}.Release|Any CPU.ActiveCfg = Release|Any CPU
		{6B01899E-AE50-4886-A334-B1E953F0B9B6}.Release|Any CPU.Build.0 = Release|Any CPU
		{12EA89FD-7016-4481-AEA5-173E898507FE}.Debug|Any CPU.ActiveCfg = Debug|Any CPU
		{12EA89FD-7016-4481-AEA5-173E898507FE}.Debug|Any CPU.Build.0 = Debug|Any CPU
		{12EA89FD-7016-4481-AEA5-173E898507FE}.Release|Any CPU.ActiveCfg = Release|Any CPU
		{12EA89FD-7016-4481-AEA5-173E898507FE}.Release|Any CPU.Build.0 = Release|Any CPU
		{6CEBDED9-064F-403F-BEAE-FCA452F38BD0}.Debug|Any CPU.ActiveCfg = Debug|Any CPU
		{6CEBDED9-064F-403F-BEAE-FCA452F38BD0}.Debug|Any CPU.Build.0 = Debug|Any CPU
		{6CEBDED9-064F-403F-BEAE-FCA452F38BD0}.Release|Any CPU.ActiveCfg = Release|Any CPU
		{6CEBDED9-064F-403F-BEAE-FCA452F38BD0}.Release|Any CPU.Build.0 = Release|Any CPU
		{7F40C1D3-15B2-4CBE-B77B-029C86FB6DB6}.Debug|Any CPU.ActiveCfg = Debug|Any CPU
		{7F40C1D3-15B2-4CBE-B77B-029C86FB6DB6}.Debug|Any CPU.Build.0 = Debug|Any CPU
		{7F40C1D3-15B2-4CBE-B77B-029C86FB6DB6}.Release|Any CPU.ActiveCfg = Release|Any CPU
		{7F40C1D3-15B2-4CBE-B77B-029C86FB6DB6}.Release|Any CPU.Build.0 = Release|Any CPU
		{18870EB0-750F-4EEB-8EC8-668C433FF373}.Debug|Any CPU.ActiveCfg = Debug|Any CPU
		{18870EB0-750F-4EEB-8EC8-668C433FF373}.Debug|Any CPU.Build.0 = Debug|Any CPU
		{18870EB0-750F-4EEB-8EC8-668C433FF373}.Release|Any CPU.ActiveCfg = Release|Any CPU
		{18870EB0-750F-4EEB-8EC8-668C433FF373}.Release|Any CPU.Build.0 = Release|Any CPU
		{E967AE2B-A8A4-4F97-B5C8-4CAA4544B671}.Debug|Any CPU.ActiveCfg = Debug|Any CPU
		{E967AE2B-A8A4-4F97-B5C8-4CAA4544B671}.Debug|Any CPU.Build.0 = Debug|Any CPU
		{E967AE2B-A8A4-4F97-B5C8-4CAA4544B671}.Release|Any CPU.ActiveCfg = Release|Any CPU
		{E967AE2B-A8A4-4F97-B5C8-4CAA4544B671}.Release|Any CPU.Build.0 = Release|Any CPU
		{34396E45-075C-4433-81C7-A0E27347F118}.Debug|Any CPU.ActiveCfg = Debug|Any CPU
		{34396E45-075C-4433-81C7-A0E27347F118}.Debug|Any CPU.Build.0 = Debug|Any CPU
		{34396E45-075C-4433-81C7-A0E27347F118}.Release|Any CPU.ActiveCfg = Release|Any CPU
		{34396E45-075C-4433-81C7-A0E27347F118}.Release|Any CPU.Build.0 = Release|Any CPU
		{DC1D2097-5715-4F68-8C61-51F4E3EFEC8A}.Debug|Any CPU.ActiveCfg = Debug|Any CPU
		{DC1D2097-5715-4F68-8C61-51F4E3EFEC8A}.Debug|Any CPU.Build.0 = Debug|Any CPU
		{DC1D2097-5715-4F68-8C61-51F4E3EFEC8A}.Release|Any CPU.ActiveCfg = Release|Any CPU
		{DC1D2097-5715-4F68-8C61-51F4E3EFEC8A}.Release|Any CPU.Build.0 = Release|Any CPU
		{15555115-0E4C-4215-AF6C-5A91FECC31FE}.Debug|Any CPU.ActiveCfg = Debug|Any CPU
		{15555115-0E4C-4215-AF6C-5A91FECC31FE}.Debug|Any CPU.Build.0 = Debug|Any CPU
		{15555115-0E4C-4215-AF6C-5A91FECC31FE}.Release|Any CPU.ActiveCfg = Release|Any CPU
		{15555115-0E4C-4215-AF6C-5A91FECC31FE}.Release|Any CPU.Build.0 = Release|Any CPU
		{3D571700-33CF-44F2-899F-C33B4CB66479}.Debug|Any CPU.ActiveCfg = Debug|Any CPU
		{3D571700-33CF-44F2-899F-C33B4CB66479}.Debug|Any CPU.Build.0 = Debug|Any CPU
		{3D571700-33CF-44F2-899F-C33B4CB66479}.Release|Any CPU.ActiveCfg = Release|Any CPU
		{3D571700-33CF-44F2-899F-C33B4CB66479}.Release|Any CPU.Build.0 = Release|Any CPU
		{2C56345A-C76D-430F-99AD-17DBE6078BCA}.Debug|Any CPU.ActiveCfg = Debug|Any CPU
		{2C56345A-C76D-430F-99AD-17DBE6078BCA}.Debug|Any CPU.Build.0 = Debug|Any CPU
		{2C56345A-C76D-430F-99AD-17DBE6078BCA}.Release|Any CPU.ActiveCfg = Release|Any CPU
		{2C56345A-C76D-430F-99AD-17DBE6078BCA}.Release|Any CPU.Build.0 = Release|Any CPU
		{B184E6A4-8EBC-486D-88AE-6BA5529C5A00}.Debug|Any CPU.ActiveCfg = Debug|Any CPU
		{B184E6A4-8EBC-486D-88AE-6BA5529C5A00}.Debug|Any CPU.Build.0 = Debug|Any CPU
		{B184E6A4-8EBC-486D-88AE-6BA5529C5A00}.Release|Any CPU.ActiveCfg = Release|Any CPU
		{B184E6A4-8EBC-486D-88AE-6BA5529C5A00}.Release|Any CPU.Build.0 = Release|Any CPU
		{1BB841EC-8F67-4657-9EB5-BAB272C98B01}.Debug|Any CPU.ActiveCfg = Debug|Any CPU
		{1BB841EC-8F67-4657-9EB5-BAB272C98B01}.Debug|Any CPU.Build.0 = Debug|Any CPU
		{1BB841EC-8F67-4657-9EB5-BAB272C98B01}.Release|Any CPU.ActiveCfg = Release|Any CPU
		{1BB841EC-8F67-4657-9EB5-BAB272C98B01}.Release|Any CPU.Build.0 = Release|Any CPU
		{021469E5-19D4-4FAD-8037-D42C61711B42}.Debug|Any CPU.ActiveCfg = Debug|Any CPU
		{021469E5-19D4-4FAD-8037-D42C61711B42}.Debug|Any CPU.Build.0 = Debug|Any CPU
		{021469E5-19D4-4FAD-8037-D42C61711B42}.Release|Any CPU.ActiveCfg = Release|Any CPU
		{021469E5-19D4-4FAD-8037-D42C61711B42}.Release|Any CPU.Build.0 = Release|Any CPU
		{2F476D2B-A713-4F49-B02F-F8BF840F0049}.Debug|Any CPU.ActiveCfg = Debug|Any CPU
		{2F476D2B-A713-4F49-B02F-F8BF840F0049}.Debug|Any CPU.Build.0 = Debug|Any CPU
		{2F476D2B-A713-4F49-B02F-F8BF840F0049}.Release|Any CPU.ActiveCfg = Release|Any CPU
		{2F476D2B-A713-4F49-B02F-F8BF840F0049}.Release|Any CPU.Build.0 = Release|Any CPU
		{F78FD6AC-9F36-48C6-8622-3B4E7A164711}.Debug|Any CPU.ActiveCfg = Debug|Any CPU
		{F78FD6AC-9F36-48C6-8622-3B4E7A164711}.Debug|Any CPU.Build.0 = Debug|Any CPU
		{F78FD6AC-9F36-48C6-8622-3B4E7A164711}.Release|Any CPU.ActiveCfg = Release|Any CPU
		{F78FD6AC-9F36-48C6-8622-3B4E7A164711}.Release|Any CPU.Build.0 = Release|Any CPU
	EndGlobalSection
	GlobalSection(SolutionProperties) = preSolution
		HideSolutionNode = FALSE
	EndGlobalSection
	GlobalSection(ExtensibilityGlobals) = postSolution
		SolutionGuid = {964C0045-3414-4F56-99A8-4B34DD04CF76}
	EndGlobalSection
EndGlobal
