
Microsoft Visual Studio Solution File, Format Version 12.00
# Visual Studio Version 16
VisualStudioVersion = 16.0.30523.141
MinimumVisualStudioVersion = 10.0.40219.1
Project("{FAE04EC0-301F-11D3-BF4B-00C04F79EFBC}") = "listyIterator", "listyIterator\listyIterator.csproj", "{0B290855-3588-462A-BB9F-41367BFAFEEC}"
EndProject
Project("{FAE04EC0-301F-11D3-BF4B-00C04F79EFBC}") = "collection", "collection\collection.csproj", "{C0D0A071-5E0A-405D-AD36-EA7152318FAA}"
EndProject
Project("{FAE04EC0-301F-11D3-BF4B-00C04F79EFBC}") = "stack", "stack\stack.csproj", "{A53EC9BF-E995-4C4C-A208-2283A6C54E4D}"
EndProject
Global
	GlobalSection(SolutionConfigurationPlatforms) = preSolution
		Debug|Any CPU = Debug|Any CPU
		Release|Any CPU = Release|Any CPU
	EndGlobalSection
	GlobalSection(ProjectConfigurationPlatforms) = postSolution
		{0B290855-3588-462A-BB9F-41367BFAFEEC}.Debug|Any CPU.ActiveCfg = Debug|Any CPU
		{0B290855-3588-462A-BB9F-41367BFAFEEC}.Debug|Any CPU.Build.0 = Debug|Any CPU
		{0B290855-3588-462A-BB9F-41367BFAFEEC}.Release|Any CPU.ActiveCfg = Release|Any CPU
		{0B290855-3588-462A-BB9F-41367BFAFEEC}.Release|Any CPU.Build.0 = Release|Any CPU
		{C0D0A071-5E0A-405D-AD36-EA7152318FAA}.Debug|Any CPU.ActiveCfg = Debug|Any CPU
		{C0D0A071-5E0A-405D-AD36-EA7152318FAA}.Debug|Any CPU.Build.0 = Debug|Any CPU
		{C0D0A071-5E0A-405D-AD36-EA7152318FAA}.Release|Any CPU.ActiveCfg = Release|Any CPU
		{C0D0A071-5E0A-405D-AD36-EA7152318FAA}.Release|Any CPU.Build.0 = Release|Any CPU
		{A53EC9BF-E995-4C4C-A208-2283A6C54E4D}.Debug|Any CPU.ActiveCfg = Debug|Any CPU
		{A53EC9BF-E995-4C4C-A208-2283A6C54E4D}.Debug|Any CPU.Build.0 = Debug|Any CPU
		{A53EC9BF-E995-4C4C-A208-2283A6C54E4D}.Release|Any CPU.ActiveCfg = Release|Any CPU
		{A53EC9BF-E995-4C4C-A208-2283A6C54E4D}.Release|Any CPU.Build.0 = Release|Any CPU
	EndGlobalSection
	GlobalSection(SolutionProperties) = preSolution
		HideSolutionNode = FALSE
	EndGlobalSection
	GlobalSection(ExtensibilityGlobals) = postSolution
		SolutionGuid = {0D71AEF7-9AD3-4E9B-984F-4E788C229028}
	EndGlobalSection
EndGlobal
