
Microsoft Visual Studio Solution File, Format Version 12.00
# Visual Studio Version 16
VisualStudioVersion = 16.0.30413.136
MinimumVisualStudioVersion = 10.0.40219.1
Project("{FAE04EC0-301F-11D3-BF4B-00C04F79EFBC}") = "oddLines", "oddLines\oddLines.csproj", "{193DE9B1-52FF-44B2-9A08-46FEC933557B}"
EndProject
Project("{FAE04EC0-301F-11D3-BF4B-00C04F79EFBC}") = "lineNumbers", "lineNumbers\lineNumbers.csproj", "{C3F253C4-D9BA-46EB-9225-707A6CAEFB4C}"
EndProject
Project("{FAE04EC0-301F-11D3-BF4B-00C04F79EFBC}") = "wordCount", "wordCount\wordCount.csproj", "{8C5DF151-579B-4430-8E35-780DA0AB67AB}"
EndProject
Global
	GlobalSection(SolutionConfigurationPlatforms) = preSolution
		Debug|Any CPU = Debug|Any CPU
		Release|Any CPU = Release|Any CPU
	EndGlobalSection
	GlobalSection(ProjectConfigurationPlatforms) = postSolution
		{193DE9B1-52FF-44B2-9A08-46FEC933557B}.Debug|Any CPU.ActiveCfg = Debug|Any CPU
		{193DE9B1-52FF-44B2-9A08-46FEC933557B}.Debug|Any CPU.Build.0 = Debug|Any CPU
		{193DE9B1-52FF-44B2-9A08-46FEC933557B}.Release|Any CPU.ActiveCfg = Release|Any CPU
		{193DE9B1-52FF-44B2-9A08-46FEC933557B}.Release|Any CPU.Build.0 = Release|Any CPU
		{C3F253C4-D9BA-46EB-9225-707A6CAEFB4C}.Debug|Any CPU.ActiveCfg = Debug|Any CPU
		{C3F253C4-D9BA-46EB-9225-707A6CAEFB4C}.Debug|Any CPU.Build.0 = Debug|Any CPU
		{C3F253C4-D9BA-46EB-9225-707A6CAEFB4C}.Release|Any CPU.ActiveCfg = Release|Any CPU
		{C3F253C4-D9BA-46EB-9225-707A6CAEFB4C}.Release|Any CPU.Build.0 = Release|Any CPU
		{8C5DF151-579B-4430-8E35-780DA0AB67AB}.Debug|Any CPU.ActiveCfg = Debug|Any CPU
		{8C5DF151-579B-4430-8E35-780DA0AB67AB}.Debug|Any CPU.Build.0 = Debug|Any CPU
		{8C5DF151-579B-4430-8E35-780DA0AB67AB}.Release|Any CPU.ActiveCfg = Release|Any CPU
		{8C5DF151-579B-4430-8E35-780DA0AB67AB}.Release|Any CPU.Build.0 = Release|Any CPU
	EndGlobalSection
	GlobalSection(SolutionProperties) = preSolution
		HideSolutionNode = FALSE
	EndGlobalSection
	GlobalSection(ExtensibilityGlobals) = postSolution
		SolutionGuid = {0204EAE4-FA04-4CFD-8A72-CE00FC879674}
	EndGlobalSection
EndGlobal
