
Microsoft Visual Studio Solution File, Format Version 12.00
# Visual Studio Version 16
VisualStudioVersion = 16.0.30523.141
MinimumVisualStudioVersion = 10.0.40219.1
Project("{9A19103F-16F7-4668-BE54-9A1E7A4F7556}") = "genericsBoxOfStrings", "genericsBoxOfStrings\genericsBoxOfStrings.csproj", "{32FBD715-D64A-48B6-8442-6F86960CA617}"
EndProject
Project("{9A19103F-16F7-4668-BE54-9A1E7A4F7556}") = "genericBoxOfInteger", "genericBoxOfInteger\genericBoxOfInteger.csproj", "{BFE6777D-DCA1-46F1-B42D-5C6F8DF2605D}"
EndProject
Project("{9A19103F-16F7-4668-BE54-9A1E7A4F7556}") = "genericMethodOfSwapStrings", "genericMethodOfSwapStrings\genericMethodOfSwapStrings.csproj", "{0BD05C93-8A5A-47CE-BD18-09322DA25C4E}"
EndProject
Project("{9A19103F-16F7-4668-BE54-9A1E7A4F7556}") = "genericCountMethodStrings", "genericCountMethodStrings\genericCountMethodStrings.csproj", "{9D4429D1-B0B3-4997-950C-1E65225EBF1D}"
EndProject
Project("{9A19103F-16F7-4668-BE54-9A1E7A4F7556}") = "tuple", "tuple\tuple.csproj", "{542F0633-02F8-4809-BD8C-3F0C101CA88D}"
EndProject
Project("{FAE04EC0-301F-11D3-BF4B-00C04F79EFBC}") = "threeuple", "threeuple\threeuple.csproj", "{C0D6713E-A4F2-46FF-A71E-4CEB4F585BC0}"
EndProject
Global
	GlobalSection(SolutionConfigurationPlatforms) = preSolution
		Debug|Any CPU = Debug|Any CPU
		Release|Any CPU = Release|Any CPU
	EndGlobalSection
	GlobalSection(ProjectConfigurationPlatforms) = postSolution
		{32FBD715-D64A-48B6-8442-6F86960CA617}.Debug|Any CPU.ActiveCfg = Debug|Any CPU
		{32FBD715-D64A-48B6-8442-6F86960CA617}.Debug|Any CPU.Build.0 = Debug|Any CPU
		{32FBD715-D64A-48B6-8442-6F86960CA617}.Release|Any CPU.ActiveCfg = Release|Any CPU
		{32FBD715-D64A-48B6-8442-6F86960CA617}.Release|Any CPU.Build.0 = Release|Any CPU
		{BFE6777D-DCA1-46F1-B42D-5C6F8DF2605D}.Debug|Any CPU.ActiveCfg = Debug|Any CPU
		{BFE6777D-DCA1-46F1-B42D-5C6F8DF2605D}.Debug|Any CPU.Build.0 = Debug|Any CPU
		{BFE6777D-DCA1-46F1-B42D-5C6F8DF2605D}.Release|Any CPU.ActiveCfg = Release|Any CPU
		{BFE6777D-DCA1-46F1-B42D-5C6F8DF2605D}.Release|Any CPU.Build.0 = Release|Any CPU
		{0BD05C93-8A5A-47CE-BD18-09322DA25C4E}.Debug|Any CPU.ActiveCfg = Debug|Any CPU
		{0BD05C93-8A5A-47CE-BD18-09322DA25C4E}.Debug|Any CPU.Build.0 = Debug|Any CPU
		{0BD05C93-8A5A-47CE-BD18-09322DA25C4E}.Release|Any CPU.ActiveCfg = Release|Any CPU
		{0BD05C93-8A5A-47CE-BD18-09322DA25C4E}.Release|Any CPU.Build.0 = Release|Any CPU
		{9D4429D1-B0B3-4997-950C-1E65225EBF1D}.Debug|Any CPU.ActiveCfg = Debug|Any CPU
		{9D4429D1-B0B3-4997-950C-1E65225EBF1D}.Debug|Any CPU.Build.0 = Debug|Any CPU
		{9D4429D1-B0B3-4997-950C-1E65225EBF1D}.Release|Any CPU.ActiveCfg = Release|Any CPU
		{9D4429D1-B0B3-4997-950C-1E65225EBF1D}.Release|Any CPU.Build.0 = Release|Any CPU
		{542F0633-02F8-4809-BD8C-3F0C101CA88D}.Debug|Any CPU.ActiveCfg = Debug|Any CPU
		{542F0633-02F8-4809-BD8C-3F0C101CA88D}.Debug|Any CPU.Build.0 = Debug|Any CPU
		{542F0633-02F8-4809-BD8C-3F0C101CA88D}.Release|Any CPU.ActiveCfg = Release|Any CPU
		{542F0633-02F8-4809-BD8C-3F0C101CA88D}.Release|Any CPU.Build.0 = Release|Any CPU
		{C0D6713E-A4F2-46FF-A71E-4CEB4F585BC0}.Debug|Any CPU.ActiveCfg = Debug|Any CPU
		{C0D6713E-A4F2-46FF-A71E-4CEB4F585BC0}.Debug|Any CPU.Build.0 = Debug|Any CPU
		{C0D6713E-A4F2-46FF-A71E-4CEB4F585BC0}.Release|Any CPU.ActiveCfg = Release|Any CPU
		{C0D6713E-A4F2-46FF-A71E-4CEB4F585BC0}.Release|Any CPU.Build.0 = Release|Any CPU
	EndGlobalSection
	GlobalSection(SolutionProperties) = preSolution
		HideSolutionNode = FALSE
	EndGlobalSection
	GlobalSection(ExtensibilityGlobals) = postSolution
		SolutionGuid = {392085F3-6D85-4DBB-A887-745EEE5FE5E1}
	EndGlobalSection
EndGlobal
