
Microsoft Visual Studio Solution File, Format Version 12.00
# Visual Studio Version 16
VisualStudioVersion = 16.0.30413.136
MinimumVisualStudioVersion = 10.0.40219.1
Project("{9A19103F-16F7-4668-BE54-9A1E7A4F7556}") = "Person", "Person\Person.csproj", "{F149834C-0A6E-44DC-8317-C0DCF1D5FD5C}"
EndProject
Project("{9A19103F-16F7-4668-BE54-9A1E7A4F7556}") = "creatingConstructors", "creatingConstructors\creatingConstructors.csproj", "{70C32B9F-F7CF-4CA8-918E-F6C2F933201D}"
EndProject
Project("{9A19103F-16F7-4668-BE54-9A1E7A4F7556}") = "oldestFamilyMember2", "oldestFamilyMember2\oldestFamilyMember2.csproj", "{B58131E4-4BEC-4362-BE4C-A9F89F62CDF8}"
EndProject
Project("{9A19103F-16F7-4668-BE54-9A1E7A4F7556}") = "opinionPoll", "opinionPoll\opinionPoll.csproj", "{D2D080B3-831A-4791-8477-47CD38F02A23}"
EndProject
Project("{9A19103F-16F7-4668-BE54-9A1E7A4F7556}") = "dateModifier", "dateModifier\dateModifier.csproj", "{C69580F7-F639-4105-B590-FB68AFC194BA}"
EndProject
Project("{9A19103F-16F7-4668-BE54-9A1E7A4F7556}") = "speedRacing", "speedRacing\speedRacing.csproj", "{74736C61-4AB7-4F00-88B5-032956921DC4}"
EndProject
Project("{9A19103F-16F7-4668-BE54-9A1E7A4F7556}") = "rawData", "rawData\rawData.csproj", "{3B463F44-0C1F-400E-B610-0A58B256926B}"
EndProject
Project("{9A19103F-16F7-4668-BE54-9A1E7A4F7556}") = "carSalesman", "carSalesman\carSalesman.csproj", "{CD34C728-0FEB-4570-A68D-C488159D52E4}"
EndProject
Project("{FAE04EC0-301F-11D3-BF4B-00C04F79EFBC}") = "pokemon", "pokemon\pokemon.csproj", "{70F89241-8F22-45B8-B21C-7242A8C73393}"
EndProject
Global
	GlobalSection(SolutionConfigurationPlatforms) = preSolution
		Debug|Any CPU = Debug|Any CPU
		Release|Any CPU = Release|Any CPU
	EndGlobalSection
	GlobalSection(ProjectConfigurationPlatforms) = postSolution
		{F149834C-0A6E-44DC-8317-C0DCF1D5FD5C}.Debug|Any CPU.ActiveCfg = Debug|Any CPU
		{F149834C-0A6E-44DC-8317-C0DCF1D5FD5C}.Debug|Any CPU.Build.0 = Debug|Any CPU
		{F149834C-0A6E-44DC-8317-C0DCF1D5FD5C}.Release|Any CPU.ActiveCfg = Release|Any CPU
		{F149834C-0A6E-44DC-8317-C0DCF1D5FD5C}.Release|Any CPU.Build.0 = Release|Any CPU
		{70C32B9F-F7CF-4CA8-918E-F6C2F933201D}.Debug|Any CPU.ActiveCfg = Debug|Any CPU
		{70C32B9F-F7CF-4CA8-918E-F6C2F933201D}.Debug|Any CPU.Build.0 = Debug|Any CPU
		{70C32B9F-F7CF-4CA8-918E-F6C2F933201D}.Release|Any CPU.ActiveCfg = Release|Any CPU
		{70C32B9F-F7CF-4CA8-918E-F6C2F933201D}.Release|Any CPU.Build.0 = Release|Any CPU
		{B58131E4-4BEC-4362-BE4C-A9F89F62CDF8}.Debug|Any CPU.ActiveCfg = Debug|Any CPU
		{B58131E4-4BEC-4362-BE4C-A9F89F62CDF8}.Debug|Any CPU.Build.0 = Debug|Any CPU
		{B58131E4-4BEC-4362-BE4C-A9F89F62CDF8}.Release|Any CPU.ActiveCfg = Release|Any CPU
		{B58131E4-4BEC-4362-BE4C-A9F89F62CDF8}.Release|Any CPU.Build.0 = Release|Any CPU
		{D2D080B3-831A-4791-8477-47CD38F02A23}.Debug|Any CPU.ActiveCfg = Debug|Any CPU
		{D2D080B3-831A-4791-8477-47CD38F02A23}.Debug|Any CPU.Build.0 = Debug|Any CPU
		{D2D080B3-831A-4791-8477-47CD38F02A23}.Release|Any CPU.ActiveCfg = Release|Any CPU
		{D2D080B3-831A-4791-8477-47CD38F02A23}.Release|Any CPU.Build.0 = Release|Any CPU
		{C69580F7-F639-4105-B590-FB68AFC194BA}.Debug|Any CPU.ActiveCfg = Debug|Any CPU
		{C69580F7-F639-4105-B590-FB68AFC194BA}.Debug|Any CPU.Build.0 = Debug|Any CPU
		{C69580F7-F639-4105-B590-FB68AFC194BA}.Release|Any CPU.ActiveCfg = Release|Any CPU
		{C69580F7-F639-4105-B590-FB68AFC194BA}.Release|Any CPU.Build.0 = Release|Any CPU
		{74736C61-4AB7-4F00-88B5-032956921DC4}.Debug|Any CPU.ActiveCfg = Debug|Any CPU
		{74736C61-4AB7-4F00-88B5-032956921DC4}.Debug|Any CPU.Build.0 = Debug|Any CPU
		{74736C61-4AB7-4F00-88B5-032956921DC4}.Release|Any CPU.ActiveCfg = Release|Any CPU
		{74736C61-4AB7-4F00-88B5-032956921DC4}.Release|Any CPU.Build.0 = Release|Any CPU
		{3B463F44-0C1F-400E-B610-0A58B256926B}.Debug|Any CPU.ActiveCfg = Debug|Any CPU
		{3B463F44-0C1F-400E-B610-0A58B256926B}.Debug|Any CPU.Build.0 = Debug|Any CPU
		{3B463F44-0C1F-400E-B610-0A58B256926B}.Release|Any CPU.ActiveCfg = Release|Any CPU
		{3B463F44-0C1F-400E-B610-0A58B256926B}.Release|Any CPU.Build.0 = Release|Any CPU
		{CD34C728-0FEB-4570-A68D-C488159D52E4}.Debug|Any CPU.ActiveCfg = Debug|Any CPU
		{CD34C728-0FEB-4570-A68D-C488159D52E4}.Debug|Any CPU.Build.0 = Debug|Any CPU
		{CD34C728-0FEB-4570-A68D-C488159D52E4}.Release|Any CPU.ActiveCfg = Release|Any CPU
		{CD34C728-0FEB-4570-A68D-C488159D52E4}.Release|Any CPU.Build.0 = Release|Any CPU
		{70F89241-8F22-45B8-B21C-7242A8C73393}.Debug|Any CPU.ActiveCfg = Debug|Any CPU
		{70F89241-8F22-45B8-B21C-7242A8C73393}.Debug|Any CPU.Build.0 = Debug|Any CPU
		{70F89241-8F22-45B8-B21C-7242A8C73393}.Release|Any CPU.ActiveCfg = Release|Any CPU
		{70F89241-8F22-45B8-B21C-7242A8C73393}.Release|Any CPU.Build.0 = Release|Any CPU
	EndGlobalSection
	GlobalSection(SolutionProperties) = preSolution
		HideSolutionNode = FALSE
	EndGlobalSection
	GlobalSection(ExtensibilityGlobals) = postSolution
		SolutionGuid = {B9CE9B1D-AEF9-4DEB-AEF1-803FCC7C8D5B}
	EndGlobalSection
EndGlobal
