
Microsoft Visual Studio Solution File, Format Version 12.00
# Visual Studio Version 16
VisualStudioVersion = 16.0.30225.117
MinimumVisualStudioVersion = 10.0.40219.1
Project("{FAE04EC0-301F-11D3-BF4B-00C04F79EFBC}") = "countSameValuesinArr", "countSameValuesinArr\countSameValuesinArr.csproj", "{58AC5BFD-3BFE-49EF-AECE-FF7373D470FC}"
EndProject
Project("{FAE04EC0-301F-11D3-BF4B-00C04F79EFBC}") = "averageStudentsGrade", "averageStudentsGrade\averageStudentsGrade.csproj", "{253B7BDA-6AAA-49B7-9FEF-B63C3E9A72A7}"
EndProject
Global
	GlobalSection(SolutionConfigurationPlatforms) = preSolution
		Debug|Any CPU = Debug|Any CPU
		Release|Any CPU = Release|Any CPU
	EndGlobalSection
	GlobalSection(ProjectConfigurationPlatforms) = postSolution
		{58AC5BFD-3BFE-49EF-AECE-FF7373D470FC}.Debug|Any CPU.ActiveCfg = Debug|Any CPU
		{58AC5BFD-3BFE-49EF-AECE-FF7373D470FC}.Debug|Any CPU.Build.0 = Debug|Any CPU
		{58AC5BFD-3BFE-49EF-AECE-FF7373D470FC}.Release|Any CPU.ActiveCfg = Release|Any CPU
		{58AC5BFD-3BFE-49EF-AECE-FF7373D470FC}.Release|Any CPU.Build.0 = Release|Any CPU
		{253B7BDA-6AAA-49B7-9FEF-B63C3E9A72A7}.Debug|Any CPU.ActiveCfg = Debug|Any CPU
		{253B7BDA-6AAA-49B7-9FEF-B63C3E9A72A7}.Debug|Any CPU.Build.0 = Debug|Any CPU
		{253B7BDA-6AAA-49B7-9FEF-B63C3E9A72A7}.Release|Any CPU.ActiveCfg = Release|Any CPU
		{253B7BDA-6AAA-49B7-9FEF-B63C3E9A72A7}.Release|Any CPU.Build.0 = Release|Any CPU
	EndGlobalSection
	GlobalSection(SolutionProperties) = preSolution
		HideSolutionNode = FALSE
	EndGlobalSection
	GlobalSection(ExtensibilityGlobals) = postSolution
		SolutionGuid = {6B6C0BE6-9F75-4CCB-8FDF-E4178D5CF2B6}
	EndGlobalSection
EndGlobal
